<?xml version="1.0" encoding="utf-8"?>
<Project ToolsVersion="4.0" xmlns="http://schemas.microsoft.com/developer/msbuild/2003">
  <ItemGroup>
    <Filter Include="소스 파일">
      <UniqueIdentifier>{4FC737F1-C7A5-4376-A066-2A32D752A2FF}</UniqueIdentifier>
      <Extensions>cpp;c;cc;cxx;c++;cppm;ixx;def;odl;idl;hpj;bat;asm;asmx</Extensions>
    </Filter>
    <Filter Include="헤더 파일">
      <UniqueIdentifier>{93995380-89BD-4b04-88EB-625FBE52EBFB}</UniqueIdentifier>
      <Extensions>h;hh;hpp;hxx;h++;hm;inl;inc;ipp;xsd</Extensions>
    </Filter>
    <Filter Include="리소스 파일">
      <UniqueIdentifier>{67DA6AB6-F800-4c08-8B7A-83BB121AAD01}</UniqueIdentifier>
      <Extensions>rc;ico;cur;bmp;dlg;rc2;rct;bin;rgs;gif;jpg;jpeg;jpe;resx;tiff;tif;png;wav;mfcribbon-ms</Extensions>
    </Filter>
    <Filter Include="소스 파일\D2DRenderer">
      <UniqueIdentifier>{16bbf269-e3c0-4fdf-a7a8-534114293d36}</UniqueIdentifier>
    </Filter>
    <Filter Include="소스 파일\Base">
      <UniqueIdentifier>{a9ea0c9d-5bae-4d99-8f72-b882e9d19735}</UniqueIdentifier>
    </Filter>
    <Filter Include="소스 파일\Transform">
      <UniqueIdentifier>{69bffcec-b165-417e-8395-93d7813e9f71}</UniqueIdentifier>
    </Filter>
    <Filter Include="소스 파일\FSM">
      <UniqueIdentifier>{50b0de2a-48e6-4945-9409-dcbd6c05cf82}</UniqueIdentifier>
    </Filter>
    <Filter Include="소스 파일\Collider">
      <UniqueIdentifier>{1c713507-6835-4c3a-92c6-9121136bb775}</UniqueIdentifier>
    </Filter>
    <Filter Include="소스 파일\RenderingSystem">
      <UniqueIdentifier>{d8ef8ba6-6e5f-43f4-9d46-b95ae328100f}</UniqueIdentifier>
    </Filter>
  </ItemGroup>
  <ItemGroup>
    <ClInclude Include="framework.h">
      <Filter>헤더 파일</Filter>
    </ClInclude>
    <ClInclude Include="pch.h">
      <Filter>헤더 파일</Filter>
    </ClInclude>
    <ClInclude Include="Macro.h">
      <Filter>헤더 파일</Filter>
    </ClInclude>
    <ClInclude Include="D2DRenderer.h">
      <Filter>소스 파일\D2DRenderer</Filter>
    </ClInclude>
    <ClInclude Include="SystemBase.h">
      <Filter>소스 파일\Base</Filter>
    </ClInclude>
    <ClInclude Include="SystemList.h">
      <Filter>헤더 파일</Filter>
    </ClInclude>
    <ClInclude Include="Transform.h">
      <Filter>소스 파일\Transform</Filter>
    </ClInclude>
    <ClInclude Include="FSMSystem.h">
      <Filter>소스 파일\FSM</Filter>
    </ClInclude>
    <ClInclude Include="Collider.h">
      <Filter>소스 파일\Collider</Filter>
    </ClInclude>
    <ClInclude Include="RenderingSystem.h">
      <Filter>소스 파일\RenderingSystem</Filter>
    </ClInclude>
    <ClInclude Include="UISystem.h">
      <Filter>헤더 파일</Filter>
    </ClInclude>
  </ItemGroup>
  <ItemGroup>
    <ClCompile Include="pch.cpp">
      <Filter>소스 파일</Filter>
    </ClCompile>
    <ClCompile Include="D2DRenderer.cpp">
      <Filter>소스 파일\D2DRenderer</Filter>
    </ClCompile>
    <ClCompile Include="Transform.cpp">
      <Filter>소스 파일\Transform</Filter>
    </ClCompile>
    <ClCompile Include="FSMSystem.cpp">
      <Filter>소스 파일\FSM</Filter>
    </ClCompile>
    <ClCompile Include="Collider.cpp">
      <Filter>소스 파일\Collider</Filter>
    </ClCompile>
    <ClCompile Include="RenderingSystem.cpp">
      <Filter>소스 파일\RenderingSystem</Filter>
    </ClCompile>
    <ClCompile Include="UISystem.cpp">
      <Filter>소스 파일</Filter>
    </ClCompile>
  </ItemGroup>
</Project>